
Microsoft Visual Studio Solution File, Format Version 12.00
# Visual Studio Version 16
VisualStudioVersion = 16.0.31205.134
MinimumVisualStudioVersion = 10.0.40219.1
Project("{FAE04EC0-301F-11D3-BF4B-00C04F79EFBC}") = "SalesManagement", "SalesManagement\SalesManagement.csproj", "{FFC7B94E-DBCE-4DA1-910B-C83210C3AAEC}"
EndProject
Global
	GlobalSection(SolutionConfigurationPlatforms) = preSolution
		Debug|Any CPU = Debug|Any CPU
		Release|Any CPU = Release|Any CPU
	EndGlobalSection
	GlobalSection(ProjectConfigurationPlatforms) = postSolution
		{FFC7B94E-DBCE-4DA1-910B-C83210C3AAEC}.Debug|Any CPU.ActiveCfg = Debug|Any CPU
		{FFC7B94E-DBCE-4DA1-910B-C83210C3AAEC}.Debug|Any CPU.Build.0 = Debug|Any CPU
		{FFC7B94E-DBCE-4DA1-910B-C83210C3AAEC}.Release|Any CPU.ActiveCfg = Release|Any CPU
		{FFC7B94E-DBCE-4DA1-910B-C83210C3AAEC}.Release|Any CPU.Build.0 = Release|Any CPU
	EndGlobalSection
	GlobalSection(SolutionProperties) = preSolution
		HideSolutionNode = FALSE
	EndGlobalSection
	GlobalSection(ExtensibilityGlobals) = postSolution
		SolutionGuid = {98B23A39-9232-4F59-A1B1-7C0DFFA764F7}
	EndGlobalSection
EndGlobal
